
Microsoft Visual Studio Solution File, Format Version 12.00
# Visual Studio 15
VisualStudioVersion = 15.0.28010.2050
MinimumVisualStudioVersion = 10.0.40219.1
Project("{FAE04EC0-301F-11D3-BF4B-00C04F79EFBC}") = "Specs.Android", "Specs\Specs.Android\Specs.Android.csproj", "{9FA99A35-73EE-4287-9AB8-09B0552C0666}"
EndProject
Project("{FAE04EC0-301F-11D3-BF4B-00C04F79EFBC}") = "Specs.iOS", "Specs\Specs.iOS\Specs.iOS.csproj", "{96F1EA31-FCAB-4097-A07C-2B3BBE0EB788}"
EndProject
Project("{FAE04EC0-301F-11D3-BF4B-00C04F79EFBC}") = "Specs.UWP", "Specs\Specs.UWP\Specs.UWP.csproj", "{66ED74E4-A665-431F-8FC4-A1A2C1A42CC8}"
EndProject
Project("{9A19103F-16F7-4668-BE54-9A1E7A4F7556}") = "Specs", "Specs\Specs\Specs.csproj", "{A441AF4F-23A1-450C-86F2-9C76F886B500}"
EndProject
Project("{FAE04EC0-301F-11D3-BF4B-00C04F79EFBC}") = "Plataforms", "Plataforms\Plataforms.csproj", "{881FD6D5-32AD-49C4-9890-8BC2513FCFEE}"
EndProject
Global
	GlobalSection(SolutionConfigurationPlatforms) = preSolution
		Ad-Hoc|Any CPU = Ad-Hoc|Any CPU
		Ad-Hoc|ARM = Ad-Hoc|ARM
		Ad-Hoc|iPhone = Ad-Hoc|iPhone
		Ad-Hoc|iPhoneSimulator = Ad-Hoc|iPhoneSimulator
		Ad-Hoc|x64 = Ad-Hoc|x64
		Ad-Hoc|x86 = Ad-Hoc|x86
		AppStore|Any CPU = AppStore|Any CPU
		AppStore|ARM = AppStore|ARM
		AppStore|iPhone = AppStore|iPhone
		AppStore|iPhoneSimulator = AppStore|iPhoneSimulator
		AppStore|x64 = AppStore|x64
		AppStore|x86 = AppStore|x86
		Debug|Any CPU = Debug|Any CPU
		Debug|ARM = Debug|ARM
		Debug|iPhone = Debug|iPhone
		Debug|iPhoneSimulator = Debug|iPhoneSimulator
		Debug|x64 = Debug|x64
		Debug|x86 = Debug|x86
		Release|Any CPU = Release|Any CPU
		Release|ARM = Release|ARM
		Release|iPhone = Release|iPhone
		Release|iPhoneSimulator = Release|iPhoneSimulator
		Release|x64 = Release|x64
		Release|x86 = Release|x86
	EndGlobalSection
	GlobalSection(ProjectConfigurationPlatforms) = postSolution
		{9FA99A35-73EE-4287-9AB8-09B0552C0666}.Ad-Hoc|Any CPU.ActiveCfg = Release|Any CPU
		{9FA99A35-73EE-4287-9AB8-09B0552C0666}.Ad-Hoc|Any CPU.Build.0 = Release|Any CPU
		{9FA99A35-73EE-4287-9AB8-09B0552C0666}.Ad-Hoc|Any CPU.Deploy.0 = Release|Any CPU
		{9FA99A35-73EE-4287-9AB8-09B0552C0666}.Ad-Hoc|ARM.ActiveCfg = Release|Any CPU
		{9FA99A35-73EE-4287-9AB8-09B0552C0666}.Ad-Hoc|ARM.Build.0 = Release|Any CPU
		{9FA99A35-73EE-4287-9AB8-09B0552C0666}.Ad-Hoc|ARM.Deploy.0 = Release|Any CPU
		{9FA99A35-73EE-4287-9AB8-09B0552C0666}.Ad-Hoc|iPhone.ActiveCfg = Release|Any CPU
		{9FA99A35-73EE-4287-9AB8-09B0552C0666}.Ad-Hoc|iPhone.Build.0 = Release|Any CPU
		{9FA99A35-73EE-4287-9AB8-09B0552C0666}.Ad-Hoc|iPhone.Deploy.0 = Release|Any CPU
		{9FA99A35-73EE-4287-9AB8-09B0552C0666}.Ad-Hoc|iPhoneSimulator.ActiveCfg = Release|Any CPU
		{9FA99A35-73EE-4287-9AB8-09B0552C0666}.Ad-Hoc|iPhoneSimulator.Build.0 = Release|Any CPU
		{9FA99A35-73EE-4287-9AB8-09B0552C0666}.Ad-Hoc|iPhoneSimulator.Deploy.0 = Release|Any CPU
		{9FA99A35-73EE-4287-9AB8-09B0552C0666}.Ad-Hoc|x64.ActiveCfg = Release|Any CPU
		{9FA99A35-73EE-4287-9AB8-09B0552C0666}.Ad-Hoc|x64.Build.0 = Release|Any CPU
		{9FA99A35-73EE-4287-9AB8-09B0552C0666}.Ad-Hoc|x64.Deploy.0 = Release|Any CPU
		{9FA99A35-73EE-4287-9AB8-09B0552C0666}.Ad-Hoc|x86.ActiveCfg = Release|Any CPU
		{9FA99A35-73EE-4287-9AB8-09B0552C0666}.Ad-Hoc|x86.Build.0 = Release|Any CPU
		{9FA99A35-73EE-4287-9AB8-09B0552C0666}.Ad-Hoc|x86.Deploy.0 = Release|Any CPU
		{9FA99A35-73EE-4287-9AB8-09B0552C0666}.AppStore|Any CPU.ActiveCfg = Release|Any CPU
		{9FA99A35-73EE-4287-9AB8-09B0552C0666}.AppStore|Any CPU.Build.0 = Release|Any CPU
		{9FA99A35-73EE-4287-9AB8-09B0552C0666}.AppStore|Any CPU.Deploy.0 = Release|Any CPU
		{9FA99A35-73EE-4287-9AB8-09B0552C0666}.AppStore|ARM.ActiveCfg = Release|Any CPU
		{9FA99A35-73EE-4287-9AB8-09B0552C0666}.AppStore|ARM.Build.0 = Release|Any CPU
		{9FA99A35-73EE-4287-9AB8-09B0552C0666}.AppStore|ARM.Deploy.0 = Release|Any CPU
		{9FA99A35-73EE-4287-9AB8-09B0552C0666}.AppStore|iPhone.ActiveCfg = Release|Any CPU
		{9FA99A35-73EE-4287-9AB8-09B0552C0666}.AppStore|iPhone.Build.0 = Release|Any CPU
		{9FA99A35-73EE-4287-9AB8-09B0552C0666}.AppStore|iPhone.Deploy.0 = Release|Any CPU
		{9FA99A35-73EE-4287-9AB8-09B0552C0666}.AppStore|iPhoneSimulator.ActiveCfg = Release|Any CPU
		{9FA99A35-73EE-4287-9AB8-09B0552C0666}.AppStore|iPhoneSimulator.Build.0 = Release|Any CPU
		{9FA99A35-73EE-4287-9AB8-09B0552C0666}.AppStore|iPhoneSimulator.Deploy.0 = Release|Any CPU
		{9FA99A35-73EE-4287-9AB8-09B0552C0666}.AppStore|x64.ActiveCfg = Release|Any CPU
		{9FA99A35-73EE-4287-9AB8-09B0552C0666}.AppStore|x64.Build.0 = Release|Any CPU
		{9FA99A35-73EE-4287-9AB8-09B0552C0666}.AppStore|x64.Deploy.0 = Release|Any CPU
		{9FA99A35-73EE-4287-9AB8-09B0552C0666}.AppStore|x86.ActiveCfg = Release|Any CPU
		{9FA99A35-73EE-4287-9AB8-09B0552C0666}.AppStore|x86.Build.0 = Release|Any CPU
		{9FA99A35-73EE-4287-9AB8-09B0552C0666}.AppStore|x86.Deploy.0 = Release|Any CPU
		{9FA99A35-73EE-4287-9AB8-09B0552C0666}.Debug|Any CPU.ActiveCfg = Debug|Any CPU
		{9FA99A35-73EE-4287-9AB8-09B0552C0666}.Debug|Any CPU.Build.0 = Debug|Any CPU
		{9FA99A35-73EE-4287-9AB8-09B0552C0666}.Debug|Any CPU.Deploy.0 = Debug|Any CPU
		{9FA99A35-73EE-4287-9AB8-09B0552C0666}.Debug|ARM.ActiveCfg = Debug|Any CPU
		{9FA99A35-73EE-4287-9AB8-09B0552C0666}.Debug|ARM.Build.0 = Debug|Any CPU
		{9FA99A35-73EE-4287-9AB8-09B0552C0666}.Debug|ARM.Deploy.0 = Debug|Any CPU
		{9FA99A35-73EE-4287-9AB8-09B0552C0666}.Debug|iPhone.ActiveCfg = Debug|Any CPU
		{9FA99A35-73EE-4287-9AB8-09B0552C0666}.Debug|iPhone.Build.0 = Debug|Any CPU
		{9FA99A35-73EE-4287-9AB8-09B0552C0666}.Debug|iPhone.Deploy.0 = Debug|Any CPU
		{9FA99A35-73EE-4287-9AB8-09B0552C0666}.Debug|iPhoneSimulator.ActiveCfg = Debug|Any CPU
		{9FA99A35-73EE-4287-9AB8-09B0552C0666}.Debug|iPhoneSimulator.Build.0 = Debug|Any CPU
		{9FA99A35-73EE-4287-9AB8-09B0552C0666}.Debug|iPhoneSimulator.Deploy.0 = Debug|Any CPU
		{9FA99A35-73EE-4287-9AB8-09B0552C0666}.Debug|x64.ActiveCfg = Debug|Any CPU
		{9FA99A35-73EE-4287-9AB8-09B0552C0666}.Debug|x64.Build.0 = Debug|Any CPU
		{9FA99A35-73EE-4287-9AB8-09B0552C0666}.Debug|x64.Deploy.0 = Debug|Any CPU
		{9FA99A35-73EE-4287-9AB8-09B0552C0666}.Debug|x86.ActiveCfg = Debug|Any CPU
		{9FA99A35-73EE-4287-9AB8-09B0552C0666}.Debug|x86.Build.0 = Debug|Any CPU
		{9FA99A35-73EE-4287-9AB8-09B0552C0666}.Debug|x86.Deploy.0 = Debug|Any CPU
		{9FA99A35-73EE-4287-9AB8-09B0552C0666}.Release|Any CPU.ActiveCfg = Release|Any CPU
		{9FA99A35-73EE-4287-9AB8-09B0552C0666}.Release|Any CPU.Build.0 = Release|Any CPU
		{9FA99A35-73EE-4287-9AB8-09B0552C0666}.Release|Any CPU.Deploy.0 = Release|Any CPU
		{9FA99A35-73EE-4287-9AB8-09B0552C0666}.Release|ARM.ActiveCfg = Release|Any CPU
		{9FA99A35-73EE-4287-9AB8-09B0552C0666}.Release|ARM.Build.0 = Release|Any CPU
		{9FA99A35-73EE-4287-9AB8-09B0552C0666}.Release|ARM.Deploy.0 = Release|Any CPU
		{9FA99A35-73EE-4287-9AB8-09B0552C0666}.Release|iPhone.ActiveCfg = Release|Any CPU
		{9FA99A35-73EE-4287-9AB8-09B0552C0666}.Release|iPhone.Build.0 = Release|Any CPU
		{9FA99A35-73EE-4287-9AB8-09B0552C0666}.Release|iPhone.Deploy.0 = Release|Any CPU
		{9FA99A35-73EE-4287-9AB8-09B0552C0666}.Release|iPhoneSimulator.ActiveCfg = Release|Any CPU
		{9FA99A35-73EE-4287-9AB8-09B0552C0666}.Release|iPhoneSimulator.Build.0 = Release|Any CPU
		{9FA99A35-73EE-4287-9AB8-09B0552C0666}.Release|iPhoneSimulator.Deploy.0 = Release|Any CPU
		{9FA99A35-73EE-4287-9AB8-09B0552C0666}.Release|x64.ActiveCfg = Release|Any CPU
		{9FA99A35-73EE-4287-9AB8-09B0552C0666}.Release|x64.Build.0 = Release|Any CPU
		{9FA99A35-73EE-4287-9AB8-09B0552C0666}.Release|x64.Deploy.0 = Release|Any CPU
		{9FA99A35-73EE-4287-9AB8-09B0552C0666}.Release|x86.ActiveCfg = Release|Any CPU
		{9FA99A35-73EE-4287-9AB8-09B0552C0666}.Release|x86.Build.0 = Release|Any CPU
		{9FA99A35-73EE-4287-9AB8-09B0552C0666}.Release|x86.Deploy.0 = Release|Any CPU
		{96F1EA31-FCAB-4097-A07C-2B3BBE0EB788}.Ad-Hoc|Any CPU.ActiveCfg = Ad-Hoc|iPhone
		{96F1EA31-FCAB-4097-A07C-2B3BBE0EB788}.Ad-Hoc|Any CPU.Build.0 = Ad-Hoc|iPhone
		{96F1EA31-FCAB-4097-A07C-2B3BBE0EB788}.Ad-Hoc|Any CPU.Deploy.0 = Ad-Hoc|iPhone
		{96F1EA31-FCAB-4097-A07C-2B3BBE0EB788}.Ad-Hoc|ARM.ActiveCfg = Ad-Hoc|iPhone
		{96F1EA31-FCAB-4097-A07C-2B3BBE0EB788}.Ad-Hoc|ARM.Build.0 = Ad-Hoc|iPhone
		{96F1EA31-FCAB-4097-A07C-2B3BBE0EB788}.Ad-Hoc|ARM.Deploy.0 = Ad-Hoc|iPhone
		{96F1EA31-FCAB-4097-A07C-2B3BBE0EB788}.Ad-Hoc|iPhone.ActiveCfg = Ad-Hoc|iPhone
		{96F1EA31-FCAB-4097-A07C-2B3BBE0EB788}.Ad-Hoc|iPhone.Build.0 = Ad-Hoc|iPhone
		{96F1EA31-FCAB-4097-A07C-2B3BBE0EB788}.Ad-Hoc|iPhone.Deploy.0 = Ad-Hoc|iPhone
		{96F1EA31-FCAB-4097-A07C-2B3BBE0EB788}.Ad-Hoc|iPhoneSimulator.ActiveCfg = Ad-Hoc|iPhoneSimulator
		{96F1EA31-FCAB-4097-A07C-2B3BBE0EB788}.Ad-Hoc|iPhoneSimulator.Build.0 = Ad-Hoc|iPhoneSimulator
		{96F1EA31-FCAB-4097-A07C-2B3BBE0EB788}.Ad-Hoc|iPhoneSimulator.Deploy.0 = Ad-Hoc|iPhoneSimulator
		{96F1EA31-FCAB-4097-A07C-2B3BBE0EB788}.Ad-Hoc|x64.ActiveCfg = Ad-Hoc|iPhone
		{96F1EA31-FCAB-4097-A07C-2B3BBE0EB788}.Ad-Hoc|x64.Build.0 = Ad-Hoc|iPhone
		{96F1EA31-FCAB-4097-A07C-2B3BBE0EB788}.Ad-Hoc|x64.Deploy.0 = Ad-Hoc|iPhone
		{96F1EA31-FCAB-4097-A07C-2B3BBE0EB788}.Ad-Hoc|x86.ActiveCfg = Ad-Hoc|iPhone
		{96F1EA31-FCAB-4097-A07C-2B3BBE0EB788}.Ad-Hoc|x86.Build.0 = Ad-Hoc|iPhone
		{96F1EA31-FCAB-4097-A07C-2B3BBE0EB788}.Ad-Hoc|x86.Deploy.0 = Ad-Hoc|iPhone
		{96F1EA31-FCAB-4097-A07C-2B3BBE0EB788}.AppStore|Any CPU.ActiveCfg = AppStore|iPhone
		{96F1EA31-FCAB-4097-A07C-2B3BBE0EB788}.AppStore|Any CPU.Build.0 = AppStore|iPhone
		{96F1EA31-FCAB-4097-A07C-2B3BBE0EB788}.AppStore|Any CPU.Deploy.0 = AppStore|iPhone
		{96F1EA31-FCAB-4097-A07C-2B3BBE0EB788}.AppStore|ARM.ActiveCfg = AppStore|iPhone
		{96F1EA31-FCAB-4097-A07C-2B3BBE0EB788}.AppStore|ARM.Build.0 = AppStore|iPhone
		{96F1EA31-FCAB-4097-A07C-2B3BBE0EB788}.AppStore|ARM.Deploy.0 = AppStore|iPhone
		{96F1EA31-FCAB-4097-A07C-2B3BBE0EB788}.AppStore|iPhone.ActiveCfg = AppStore|iPhone
		{96F1EA31-FCAB-4097-A07C-2B3BBE0EB788}.AppStore|iPhone.Build.0 = AppStore|iPhone
		{96F1EA31-FCAB-4097-A07C-2B3BBE0EB788}.AppStore|iPhone.Deploy.0 = AppStore|iPhone
		{96F1EA31-FCAB-4097-A07C-2B3BBE0EB788}.AppStore|iPhoneSimulator.ActiveCfg = AppStore|iPhoneSimulator
		{96F1EA31-FCAB-4097-A07C-2B3BBE0EB788}.AppStore|iPhoneSimulator.Build.0 = AppStore|iPhoneSimulator
		{96F1EA31-FCAB-4097-A07C-2B3BBE0EB788}.AppStore|iPhoneSimulator.Deploy.0 = AppStore|iPhoneSimulator
		{96F1EA31-FCAB-4097-A07C-2B3BBE0EB788}.AppStore|x64.ActiveCfg = AppStore|iPhone
		{96F1EA31-FCAB-4097-A07C-2B3BBE0EB788}.AppStore|x64.Build.0 = AppStore|iPhone
		{96F1EA31-FCAB-4097-A07C-2B3BBE0EB788}.AppStore|x64.Deploy.0 = AppStore|iPhone
		{96F1EA31-FCAB-4097-A07C-2B3BBE0EB788}.AppStore|x86.ActiveCfg = AppStore|iPhone
		{96F1EA31-FCAB-4097-A07C-2B3BBE0EB788}.AppStore|x86.Build.0 = AppStore|iPhone
		{96F1EA31-FCAB-4097-A07C-2B3BBE0EB788}.AppStore|x86.Deploy.0 = AppStore|iPhone
		{96F1EA31-FCAB-4097-A07C-2B3BBE0EB788}.Debug|Any CPU.ActiveCfg = Debug|iPhoneSimulator
		{96F1EA31-FCAB-4097-A07C-2B3BBE0EB788}.Debug|Any CPU.Build.0 = Debug|iPhoneSimulator
		{96F1EA31-FCAB-4097-A07C-2B3BBE0EB788}.Debug|Any CPU.Deploy.0 = Debug|iPhoneSimulator
		{96F1EA31-FCAB-4097-A07C-2B3BBE0EB788}.Debug|ARM.ActiveCfg = Debug|iPhone
		{96F1EA31-FCAB-4097-A07C-2B3BBE0EB788}.Debug|ARM.Build.0 = Debug|iPhone
		{96F1EA31-FCAB-4097-A07C-2B3BBE0EB788}.Debug|ARM.Deploy.0 = Debug|iPhone
		{96F1EA31-FCAB-4097-A07C-2B3BBE0EB788}.Debug|iPhone.ActiveCfg = Debug|iPhone
		{96F1EA31-FCAB-4097-A07C-2B3BBE0EB788}.Debug|iPhone.Build.0 = Debug|iPhone
		{96F1EA31-FCAB-4097-A07C-2B3BBE0EB788}.Debug|iPhone.Deploy.0 = Debug|iPhone
		{96F1EA31-FCAB-4097-A07C-2B3BBE0EB788}.Debug|iPhoneSimulator.ActiveCfg = Debug|iPhoneSimulator
		{96F1EA31-FCAB-4097-A07C-2B3BBE0EB788}.Debug|iPhoneSimulator.Build.0 = Debug|iPhoneSimulator
		{96F1EA31-FCAB-4097-A07C-2B3BBE0EB788}.Debug|iPhoneSimulator.Deploy.0 = Debug|iPhoneSimulator
		{96F1EA31-FCAB-4097-A07C-2B3BBE0EB788}.Debug|x64.ActiveCfg = Debug|iPhone
		{96F1EA31-FCAB-4097-A07C-2B3BBE0EB788}.Debug|x64.Build.0 = Debug|iPhone
		{96F1EA31-FCAB-4097-A07C-2B3BBE0EB788}.Debug|x64.Deploy.0 = Debug|iPhone
		{96F1EA31-FCAB-4097-A07C-2B3BBE0EB788}.Debug|x86.ActiveCfg = Debug|iPhone
		{96F1EA31-FCAB-4097-A07C-2B3BBE0EB788}.Debug|x86.Build.0 = Debug|iPhone
		{96F1EA31-FCAB-4097-A07C-2B3BBE0EB788}.Debug|x86.Deploy.0 = Debug|iPhone
		{96F1EA31-FCAB-4097-A07C-2B3BBE0EB788}.Release|Any CPU.ActiveCfg = Release|iPhone
		{96F1EA31-FCAB-4097-A07C-2B3BBE0EB788}.Release|Any CPU.Build.0 = Release|iPhone
		{96F1EA31-FCAB-4097-A07C-2B3BBE0EB788}.Release|Any CPU.Deploy.0 = Release|iPhone
		{96F1EA31-FCAB-4097-A07C-2B3BBE0EB788}.Release|ARM.ActiveCfg = Release|iPhone
		{96F1EA31-FCAB-4097-A07C-2B3BBE0EB788}.Release|ARM.Build.0 = Release|iPhone
		{96F1EA31-FCAB-4097-A07C-2B3BBE0EB788}.Release|ARM.Deploy.0 = Release|iPhone
		{96F1EA31-FCAB-4097-A07C-2B3BBE0EB788}.Release|iPhone.ActiveCfg = Release|iPhone
		{96F1EA31-FCAB-4097-A07C-2B3BBE0EB788}.Release|iPhone.Build.0 = Release|iPhone
		{96F1EA31-FCAB-4097-A07C-2B3BBE0EB788}.Release|iPhone.Deploy.0 = Release|iPhone
		{96F1EA31-FCAB-4097-A07C-2B3BBE0EB788}.Release|iPhoneSimulator.ActiveCfg = Release|iPhoneSimulator
		{96F1EA31-FCAB-4097-A07C-2B3BBE0EB788}.Release|iPhoneSimulator.Build.0 = Release|iPhoneSimulator
		{96F1EA31-FCAB-4097-A07C-2B3BBE0EB788}.Release|iPhoneSimulator.Deploy.0 = Release|iPhoneSimulator
		{96F1EA31-FCAB-4097-A07C-2B3BBE0EB788}.Release|x64.ActiveCfg = Release|iPhone
		{96F1EA31-FCAB-4097-A07C-2B3BBE0EB788}.Release|x64.Build.0 = Release|iPhone
		{96F1EA31-FCAB-4097-A07C-2B3BBE0EB788}.Release|x64.Deploy.0 = Release|iPhone
		{96F1EA31-FCAB-4097-A07C-2B3BBE0EB788}.Release|x86.ActiveCfg = Release|iPhone
		{96F1EA31-FCAB-4097-A07C-2B3BBE0EB788}.Release|x86.Build.0 = Release|iPhone
		{96F1EA31-FCAB-4097-A07C-2B3BBE0EB788}.Release|x86.Deploy.0 = Release|iPhone
		{66ED74E4-A665-431F-8FC4-A1A2C1A42CC8}.Ad-Hoc|Any CPU.ActiveCfg = Release|x86
		{66ED74E4-A665-431F-8FC4-A1A2C1A42CC8}.Ad-Hoc|Any CPU.Build.0 = Release|x86
		{66ED74E4-A665-431F-8FC4-A1A2C1A42CC8}.Ad-Hoc|Any CPU.Deploy.0 = Release|x86
		{66ED74E4-A665-431F-8FC4-A1A2C1A42CC8}.Ad-Hoc|ARM.ActiveCfg = Release|ARM
		{66ED74E4-A665-431F-8FC4-A1A2C1A42CC8}.Ad-Hoc|ARM.Build.0 = Release|ARM
		{66ED74E4-A665-431F-8FC4-A1A2C1A42CC8}.Ad-Hoc|ARM.Deploy.0 = Release|ARM
		{66ED74E4-A665-431F-8FC4-A1A2C1A42CC8}.Ad-Hoc|iPhone.ActiveCfg = Release|x86
		{66ED74E4-A665-431F-8FC4-A1A2C1A42CC8}.Ad-Hoc|iPhone.Build.0 = Release|x86
		{66ED74E4-A665-431F-8FC4-A1A2C1A42CC8}.Ad-Hoc|iPhone.Deploy.0 = Release|x86
		{66ED74E4-A665-431F-8FC4-A1A2C1A42CC8}.Ad-Hoc|iPhoneSimulator.ActiveCfg = Release|x86
		{66ED74E4-A665-431F-8FC4-A1A2C1A42CC8}.Ad-Hoc|iPhoneSimulator.Build.0 = Release|x86
		{66ED74E4-A665-431F-8FC4-A1A2C1A42CC8}.Ad-Hoc|iPhoneSimulator.Deploy.0 = Release|x86
		{66ED74E4-A665-431F-8FC4-A1A2C1A42CC8}.Ad-Hoc|x64.ActiveCfg = Release|x64
		{66ED74E4-A665-431F-8FC4-A1A2C1A42CC8}.Ad-Hoc|x64.Build.0 = Release|x64
		{66ED74E4-A665-431F-8FC4-A1A2C1A42CC8}.Ad-Hoc|x64.Deploy.0 = Release|x64
		{66ED74E4-A665-431F-8FC4-A1A2C1A42CC8}.Ad-Hoc|x86.ActiveCfg = Release|x86
		{66ED74E4-A665-431F-8FC4-A1A2C1A42CC8}.Ad-Hoc|x86.Build.0 = Release|x86
		{66ED74E4-A665-431F-8FC4-A1A2C1A42CC8}.Ad-Hoc|x86.Deploy.0 = Release|x86
		{66ED74E4-A665-431F-8FC4-A1A2C1A42CC8}.AppStore|Any CPU.ActiveCfg = Release|x86
		{66ED74E4-A665-431F-8FC4-A1A2C1A42CC8}.AppStore|Any CPU.Build.0 = Release|x86
		{66ED74E4-A665-431F-8FC4-A1A2C1A42CC8}.AppStore|Any CPU.Deploy.0 = Release|x86
		{66ED74E4-A665-431F-8FC4-A1A2C1A42CC8}.AppStore|ARM.ActiveCfg = Release|ARM
		{66ED74E4-A665-431F-8FC4-A1A2C1A42CC8}.AppStore|ARM.Build.0 = Release|ARM
		{66ED74E4-A665-431F-8FC4-A1A2C1A42CC8}.AppStore|ARM.Deploy.0 = Release|ARM
		{66ED74E4-A665-431F-8FC4-A1A2C1A42CC8}.AppStore|iPhone.ActiveCfg = Release|x86
		{66ED74E4-A665-431F-8FC4-A1A2C1A42CC8}.AppStore|iPhone.Build.0 = Release|x86
		{66ED74E4-A665-431F-8FC4-A1A2C1A42CC8}.AppStore|iPhone.Deploy.0 = Release|x86
		{66ED74E4-A665-431F-8FC4-A1A2C1A42CC8}.AppStore|iPhoneSimulator.ActiveCfg = Release|x86
		{66ED74E4-A665-431F-8FC4-A1A2C1A42CC8}.AppStore|iPhoneSimulator.Build.0 = Release|x86
		{66ED74E4-A665-431F-8FC4-A1A2C1A42CC8}.AppStore|iPhoneSimulator.Deploy.0 = Release|x86
		{66ED74E4-A665-431F-8FC4-A1A2C1A42CC8}.AppStore|x64.ActiveCfg = Release|x64
		{66ED74E4-A665-431F-8FC4-A1A2C1A42CC8}.AppStore|x64.Build.0 = Release|x64
		{66ED74E4-A665-431F-8FC4-A1A2C1A42CC8}.AppStore|x64.Deploy.0 = Release|x64
		{66ED74E4-A665-431F-8FC4-A1A2C1A42CC8}.AppStore|x86.ActiveCfg = Release|x86
		{66ED74E4-A665-431F-8FC4-A1A2C1A42CC8}.AppStore|x86.Build.0 = Release|x86
		{66ED74E4-A665-431F-8FC4-A1A2C1A42CC8}.AppStore|x86.Deploy.0 = Release|x86
		{66ED74E4-A665-431F-8FC4-A1A2C1A42CC8}.Debug|Any CPU.ActiveCfg = Debug|x86
		{66ED74E4-A665-431F-8FC4-A1A2C1A42CC8}.Debug|Any CPU.Build.0 = Debug|x86
		{66ED74E4-A665-431F-8FC4-A1A2C1A42CC8}.Debug|Any CPU.Deploy.0 = Debug|x86
		{66ED74E4-A665-431F-8FC4-A1A2C1A42CC8}.Debug|ARM.ActiveCfg = Debug|ARM
		{66ED74E4-A665-431F-8FC4-A1A2C1A42CC8}.Debug|ARM.Build.0 = Debug|ARM
		{66ED74E4-A665-431F-8FC4-A1A2C1A42CC8}.Debug|ARM.Deploy.0 = Debug|ARM
		{66ED74E4-A665-431F-8FC4-A1A2C1A42CC8}.Debug|iPhone.ActiveCfg = Debug|x86
		{66ED74E4-A665-431F-8FC4-A1A2C1A42CC8}.Debug|iPhone.Build.0 = Debug|x86
		{66ED74E4-A665-431F-8FC4-A1A2C1A42CC8}.Debug|iPhone.Deploy.0 = Debug|x86
		{66ED74E4-A665-431F-8FC4-A1A2C1A42CC8}.Debug|iPhoneSimulator.ActiveCfg = Debug|x86
		{66ED74E4-A665-431F-8FC4-A1A2C1A42CC8}.Debug|iPhoneSimulator.Build.0 = Debug|x86
		{66ED74E4-A665-431F-8FC4-A1A2C1A42CC8}.Debug|iPhoneSimulator.Deploy.0 = Debug|x86
		{66ED74E4-A665-431F-8FC4-A1A2C1A42CC8}.Debug|x64.ActiveCfg = Debug|x64
		{66ED74E4-A665-431F-8FC4-A1A2C1A42CC8}.Debug|x64.Build.0 = Debug|x64
		{66ED74E4-A665-431F-8FC4-A1A2C1A42CC8}.Debug|x64.Deploy.0 = Debug|x64
		{66ED74E4-A665-431F-8FC4-A1A2C1A42CC8}.Debug|x86.ActiveCfg = Debug|x86
		{66ED74E4-A665-431F-8FC4-A1A2C1A42CC8}.Debug|x86.Build.0 = Debug|x86
		{66ED74E4-A665-431F-8FC4-A1A2C1A42CC8}.Debug|x86.Deploy.0 = Debug|x86
		{66ED74E4-A665-431F-8FC4-A1A2C1A42CC8}.Release|Any CPU.ActiveCfg = Release|x86
		{66ED74E4-A665-431F-8FC4-A1A2C1A42CC8}.Release|Any CPU.Build.0 = Release|x86
		{66ED74E4-A665-431F-8FC4-A1A2C1A42CC8}.Release|Any CPU.Deploy.0 = Release|x86
		{66ED74E4-A665-431F-8FC4-A1A2C1A42CC8}.Release|ARM.ActiveCfg = Release|ARM
		{66ED74E4-A665-431F-8FC4-A1A2C1A42CC8}.Release|ARM.Build.0 = Release|ARM
		{66ED74E4-A665-431F-8FC4-A1A2C1A42CC8}.Release|ARM.Deploy.0 = Release|ARM
		{66ED74E4-A665-431F-8FC4-A1A2C1A42CC8}.Release|iPhone.ActiveCfg = Release|x86
		{66ED74E4-A665-431F-8FC4-A1A2C1A42CC8}.Release|iPhone.Build.0 = Release|x86
		{66ED74E4-A665-431F-8FC4-A1A2C1A42CC8}.Release|iPhone.Deploy.0 = Release|x86
		{66ED74E4-A665-431F-8FC4-A1A2C1A42CC8}.Release|iPhoneSimulator.ActiveCfg = Release|x86
		{66ED74E4-A665-431F-8FC4-A1A2C1A42CC8}.Release|iPhoneSimulator.Build.0 = Release|x86
		{66ED74E4-A665-431F-8FC4-A1A2C1A42CC8}.Release|iPhoneSimulator.Deploy.0 = Release|x86
		{66ED74E4-A665-431F-8FC4-A1A2C1A42CC8}.Release|x64.ActiveCfg = Release|x64
		{66ED74E4-A665-431F-8FC4-A1A2C1A42CC8}.Release|x64.Build.0 = Release|x64
		{66ED74E4-A665-431F-8FC4-A1A2C1A42CC8}.Release|x64.Deploy.0 = Release|x64
		{66ED74E4-A665-431F-8FC4-A1A2C1A42CC8}.Release|x86.ActiveCfg = Release|x86
		{66ED74E4-A665-431F-8FC4-A1A2C1A42CC8}.Release|x86.Build.0 = Release|x86
		{66ED74E4-A665-431F-8FC4-A1A2C1A42CC8}.Release|x86.Deploy.0 = Release|x86
		{A441AF4F-23A1-450C-86F2-9C76F886B500}.Ad-Hoc|Any CPU.ActiveCfg = Debug|Any CPU
		{A441AF4F-23A1-450C-86F2-9C76F886B500}.Ad-Hoc|Any CPU.Build.0 = Debug|Any CPU
		{A441AF4F-23A1-450C-86F2-9C76F886B500}.Ad-Hoc|Any CPU.Deploy.0 = Debug|Any CPU
		{A441AF4F-23A1-450C-86F2-9C76F886B500}.Ad-Hoc|ARM.ActiveCfg = Debug|Any CPU
		{A441AF4F-23A1-450C-86F2-9C76F886B500}.Ad-Hoc|ARM.Build.0 = Debug|Any CPU
		{A441AF4F-23A1-450C-86F2-9C76F886B500}.Ad-Hoc|ARM.Deploy.0 = Debug|Any CPU
		{A441AF4F-23A1-450C-86F2-9C76F886B500}.Ad-Hoc|iPhone.ActiveCfg = Debug|Any CPU
		{A441AF4F-23A1-450C-86F2-9C76F886B500}.Ad-Hoc|iPhone.Build.0 = Debug|Any CPU
		{A441AF4F-23A1-450C-86F2-9C76F886B500}.Ad-Hoc|iPhone.Deploy.0 = Debug|Any CPU
		{A441AF4F-23A1-450C-86F2-9C76F886B500}.Ad-Hoc|iPhoneSimulator.ActiveCfg = Debug|Any CPU
		{A441AF4F-23A1-450C-86F2-9C76F886B500}.Ad-Hoc|iPhoneSimulator.Build.0 = Debug|Any CPU
		{A441AF4F-23A1-450C-86F2-9C76F886B500}.Ad-Hoc|iPhoneSimulator.Deploy.0 = Debug|Any CPU
		{A441AF4F-23A1-450C-86F2-9C76F886B500}.Ad-Hoc|x64.ActiveCfg = Debug|Any CPU
		{A441AF4F-23A1-450C-86F2-9C76F886B500}.Ad-Hoc|x64.Build.0 = Debug|Any CPU
		{A441AF4F-23A1-450C-86F2-9C76F886B500}.Ad-Hoc|x64.Deploy.0 = Debug|Any CPU
		{A441AF4F-23A1-450C-86F2-9C76F886B500}.Ad-Hoc|x86.ActiveCfg = Debug|Any CPU
		{A441AF4F-23A1-450C-86F2-9C76F886B500}.Ad-Hoc|x86.Build.0 = Debug|Any CPU
		{A441AF4F-23A1-450C-86F2-9C76F886B500}.Ad-Hoc|x86.Deploy.0 = Debug|Any CPU
		{A441AF4F-23A1-450C-86F2-9C76F886B500}.AppStore|Any CPU.ActiveCfg = Debug|Any CPU
		{A441AF4F-23A1-450C-86F2-9C76F886B500}.AppStore|Any CPU.Build.0 = Debug|Any CPU
		{A441AF4F-23A1-450C-86F2-9C76F886B500}.AppStore|Any CPU.Deploy.0 = Debug|Any CPU
		{A441AF4F-23A1-450C-86F2-9C76F886B500}.AppStore|ARM.ActiveCfg = Debug|Any CPU
		{A441AF4F-23A1-450C-86F2-9C76F886B500}.AppStore|ARM.Build.0 = Debug|Any CPU
		{A441AF4F-23A1-450C-86F2-9C76F886B500}.AppStore|ARM.Deploy.0 = Debug|Any CPU
		{A441AF4F-23A1-450C-86F2-9C76F886B500}.AppStore|iPhone.ActiveCfg = Debug|Any CPU
		{A441AF4F-23A1-450C-86F2-9C76F886B500}.AppStore|iPhone.Build.0 = Debug|Any CPU
		{A441AF4F-23A1-450C-86F2-9C76F886B500}.AppStore|iPhone.Deploy.0 = Debug|Any CPU
		{A441AF4F-23A1-450C-86F2-9C76F886B500}.AppStore|iPhoneSimulator.ActiveCfg = Debug|Any CPU
		{A441AF4F-23A1-450C-86F2-9C76F886B500}.AppStore|iPhoneSimulator.Build.0 = Debug|Any CPU
		{A441AF4F-23A1-450C-86F2-9C76F886B500}.AppStore|iPhoneSimulator.Deploy.0 = Debug|Any CPU
		{A441AF4F-23A1-450C-86F2-9C76F886B500}.AppStore|x64.ActiveCfg = Debug|Any CPU
		{A441AF4F-23A1-450C-86F2-9C76F886B500}.AppStore|x64.Build.0 = Debug|Any CPU
		{A441AF4F-23A1-450C-86F2-9C76F886B500}.AppStore|x64.Deploy.0 = Debug|Any CPU
		{A441AF4F-23A1-450C-86F2-9C76F886B500}.AppStore|x86.ActiveCfg = Debug|Any CPU
		{A441AF4F-23A1-450C-86F2-9C76F886B500}.AppStore|x86.Build.0 = Debug|Any CPU
		{A441AF4F-23A1-450C-86F2-9C76F886B500}.AppStore|x86.Deploy.0 = Debug|Any CPU
		{A441AF4F-23A1-450C-86F2-9C76F886B500}.Debug|Any CPU.ActiveCfg = Debug|Any CPU
		{A441AF4F-23A1-450C-86F2-9C76F886B500}.Debug|Any CPU.Build.0 = Debug|Any CPU
		{A441AF4F-23A1-450C-86F2-9C76F886B500}.Debug|Any CPU.Deploy.0 = Debug|Any CPU
		{A441AF4F-23A1-450C-86F2-9C76F886B500}.Debug|ARM.ActiveCfg = Debug|Any CPU
		{A441AF4F-23A1-450C-86F2-9C76F886B500}.Debug|ARM.Build.0 = Debug|Any CPU
		{A441AF4F-23A1-450C-86F2-9C76F886B500}.Debug|ARM.Deploy.0 = Debug|Any CPU
		{A441AF4F-23A1-450C-86F2-9C76F886B500}.Debug|iPhone.ActiveCfg = Debug|Any CPU
		{A441AF4F-23A1-450C-86F2-9C76F886B500}.Debug|iPhone.Build.0 = Debug|Any CPU
		{A441AF4F-23A1-450C-86F2-9C76F886B500}.Debug|iPhone.Deploy.0 = Debug|Any CPU
		{A441AF4F-23A1-450C-86F2-9C76F886B500}.Debug|iPhoneSimulator.ActiveCfg = Debug|Any CPU
		{A441AF4F-23A1-450C-86F2-9C76F886B500}.Debug|iPhoneSimulator.Build.0 = Debug|Any CPU
		{A441AF4F-23A1-450C-86F2-9C76F886B500}.Debug|iPhoneSimulator.Deploy.0 = Debug|Any CPU
		{A441AF4F-23A1-450C-86F2-9C76F886B500}.Debug|x64.ActiveCfg = Debug|Any CPU
		{A441AF4F-23A1-450C-86F2-9C76F886B500}.Debug|x64.Build.0 = Debug|Any CPU
		{A441AF4F-23A1-450C-86F2-9C76F886B500}.Debug|x64.Deploy.0 = Debug|Any CPU
		{A441AF4F-23A1-450C-86F2-9C76F886B500}.Debug|x86.ActiveCfg = Debug|Any CPU
		{A441AF4F-23A1-450C-86F2-9C76F886B500}.Debug|x86.Build.0 = Debug|Any CPU
		{A441AF4F-23A1-450C-86F2-9C76F886B500}.Debug|x86.Deploy.0 = Debug|Any CPU
		{A441AF4F-23A1-450C-86F2-9C76F886B500}.Release|Any CPU.ActiveCfg = Release|Any CPU
		{A441AF4F-23A1-450C-86F2-9C76F886B500}.Release|Any CPU.Build.0 = Release|Any CPU
		{A441AF4F-23A1-450C-86F2-9C76F886B500}.Release|Any CPU.Deploy.0 = Release|Any CPU
		{A441AF4F-23A1-450C-86F2-9C76F886B500}.Release|ARM.ActiveCfg = Release|Any CPU
		{A441AF4F-23A1-450C-86F2-9C76F886B500}.Release|ARM.Build.0 = Release|Any CPU
		{A441AF4F-23A1-450C-86F2-9C76F886B500}.Release|ARM.Deploy.0 = Release|Any CPU
		{A441AF4F-23A1-450C-86F2-9C76F886B500}.Release|iPhone.ActiveCfg = Release|Any CPU
		{A441AF4F-23A1-450C-86F2-9C76F886B500}.Release|iPhone.Build.0 = Release|Any CPU
		{A441AF4F-23A1-450C-86F2-9C76F886B500}.Release|iPhone.Deploy.0 = Release|Any CPU
		{A441AF4F-23A1-450C-86F2-9C76F886B500}.Release|iPhoneSimulator.ActiveCfg = Release|Any CPU
		{A441AF4F-23A1-450C-86F2-9C76F886B500}.Release|iPhoneSimulator.Build.0 = Release|Any CPU
		{A441AF4F-23A1-450C-86F2-9C76F886B500}.Release|iPhoneSimulator.Deploy.0 = Release|Any CPU
		{A441AF4F-23A1-450C-86F2-9C76F886B500}.Release|x64.ActiveCfg = Release|Any CPU
		{A441AF4F-23A1-450C-86F2-9C76F886B500}.Release|x64.Build.0 = Release|Any CPU
		{A441AF4F-23A1-450C-86F2-9C76F886B500}.Release|x64.Deploy.0 = Release|Any CPU
		{A441AF4F-23A1-450C-86F2-9C76F886B500}.Release|x86.ActiveCfg = Release|Any CPU
		{A441AF4F-23A1-450C-86F2-9C76F886B500}.Release|x86.Build.0 = Release|Any CPU
		{A441AF4F-23A1-450C-86F2-9C76F886B500}.Release|x86.Deploy.0 = Release|Any CPU
		{881FD6D5-32AD-49C4-9890-8BC2513FCFEE}.Ad-Hoc|Any CPU.ActiveCfg = Debug|Any CPU
		{881FD6D5-32AD-49C4-9890-8BC2513FCFEE}.Ad-Hoc|Any CPU.Build.0 = Debug|Any CPU
		{881FD6D5-32AD-49C4-9890-8BC2513FCFEE}.Ad-Hoc|ARM.ActiveCfg = Debug|Any CPU
		{881FD6D5-32AD-49C4-9890-8BC2513FCFEE}.Ad-Hoc|ARM.Build.0 = Debug|Any CPU
		{881FD6D5-32AD-49C4-9890-8BC2513FCFEE}.Ad-Hoc|iPhone.ActiveCfg = Debug|Any CPU
		{881FD6D5-32AD-49C4-9890-8BC2513FCFEE}.Ad-Hoc|iPhone.Build.0 = Debug|Any CPU
		{881FD6D5-32AD-49C4-9890-8BC2513FCFEE}.Ad-Hoc|iPhoneSimulator.ActiveCfg = Debug|Any CPU
		{881FD6D5-32AD-49C4-9890-8BC2513FCFEE}.Ad-Hoc|iPhoneSimulator.Build.0 = Debug|Any CPU
		{881FD6D5-32AD-49C4-9890-8BC2513FCFEE}.Ad-Hoc|x64.ActiveCfg = Debug|Any CPU
		{881FD6D5-32AD-49C4-9890-8BC2513FCFEE}.Ad-Hoc|x64.Build.0 = Debug|Any CPU
		{881FD6D5-32AD-49C4-9890-8BC2513FCFEE}.Ad-Hoc|x86.ActiveCfg = Debug|Any CPU
		{881FD6D5-32AD-49C4-9890-8BC2513FCFEE}.Ad-Hoc|x86.Build.0 = Debug|Any CPU
		{881FD6D5-32AD-49C4-9890-8BC2513FCFEE}.AppStore|Any CPU.ActiveCfg = Debug|Any CPU
		{881FD6D5-32AD-49C4-9890-8BC2513FCFEE}.AppStore|Any CPU.Build.0 = Debug|Any CPU
		{881FD6D5-32AD-49C4-9890-8BC2513FCFEE}.AppStore|ARM.ActiveCfg = Debug|Any CPU
		{881FD6D5-32AD-49C4-9890-8BC2513FCFEE}.AppStore|ARM.Build.0 = Debug|Any CPU
		{881FD6D5-32AD-49C4-9890-8BC2513FCFEE}.AppStore|iPhone.ActiveCfg = Debug|Any CPU
		{881FD6D5-32AD-49C4-9890-8BC2513FCFEE}.AppStore|iPhone.Build.0 = Debug|Any CPU
		{881FD6D5-32AD-49C4-9890-8BC2513FCFEE}.AppStore|iPhoneSimulator.ActiveCfg = Debug|Any CPU
		{881FD6D5-32AD-49C4-9890-8BC2513FCFEE}.AppStore|iPhoneSimulator.Build.0 = Debug|Any CPU
		{881FD6D5-32AD-49C4-9890-8BC2513FCFEE}.AppStore|x64.ActiveCfg = Debug|Any CPU
		{881FD6D5-32AD-49C4-9890-8BC2513FCFEE}.AppStore|x64.Build.0 = Debug|Any CPU
		{881FD6D5-32AD-49C4-9890-8BC2513FCFEE}.AppStore|x86.ActiveCfg = Debug|Any CPU
		{881FD6D5-32AD-49C4-9890-8BC2513FCFEE}.AppStore|x86.Build.0 = Debug|Any CPU
		{881FD6D5-32AD-49C4-9890-8BC2513FCFEE}.Debug|Any CPU.ActiveCfg = Debug|Any CPU
		{881FD6D5-32AD-49C4-9890-8BC2513FCFEE}.Debug|Any CPU.Build.0 = Debug|Any CPU
		{881FD6D5-32AD-49C4-9890-8BC2513FCFEE}.Debug|ARM.ActiveCfg = Debug|Any CPU
		{881FD6D5-32AD-49C4-9890-8BC2513FCFEE}.Debug|ARM.Build.0 = Debug|Any CPU
		{881FD6D5-32AD-49C4-9890-8BC2513FCFEE}.Debug|iPhone.ActiveCfg = Debug|Any CPU
		{881FD6D5-32AD-49C4-9890-8BC2513FCFEE}.Debug|iPhone.Build.0 = Debug|Any CPU
		{881FD6D5-32AD-49C4-9890-8BC2513FCFEE}.Debug|iPhoneSimulator.ActiveCfg = Debug|Any CPU
		{881FD6D5-32AD-49C4-9890-8BC2513FCFEE}.Debug|iPhoneSimulator.Build.0 = Debug|Any CPU
		{881FD6D5-32AD-49C4-9890-8BC2513FCFEE}.Debug|x64.ActiveCfg = Debug|Any CPU
		{881FD6D5-32AD-49C4-9890-8BC2513FCFEE}.Debug|x64.Build.0 = Debug|Any CPU
		{881FD6D5-32AD-49C4-9890-8BC2513FCFEE}.Debug|x86.ActiveCfg = Debug|Any CPU
		{881FD6D5-32AD-49C4-9890-8BC2513FCFEE}.Debug|x86.Build.0 = Debug|Any CPU
		{881FD6D5-32AD-49C4-9890-8BC2513FCFEE}.Release|Any CPU.ActiveCfg = Release|Any CPU
		{881FD6D5-32AD-49C4-9890-8BC2513FCFEE}.Release|Any CPU.Build.0 = Release|Any CPU
		{881FD6D5-32AD-49C4-9890-8BC2513FCFEE}.Release|ARM.ActiveCfg = Release|Any CPU
		{881FD6D5-32AD-49C4-9890-8BC2513FCFEE}.Release|ARM.Build.0 = Release|Any CPU
		{881FD6D5-32AD-49C4-9890-8BC2513FCFEE}.Release|iPhone.ActiveCfg = Release|Any CPU
		{881FD6D5-32AD-49C4-9890-8BC2513FCFEE}.Release|iPhone.Build.0 = Release|Any CPU
		{881FD6D5-32AD-49C4-9890-8BC2513FCFEE}.Release|iPhoneSimulator.ActiveCfg = Release|Any CPU
		{881FD6D5-32AD-49C4-9890-8BC2513FCFEE}.Release|iPhoneSimulator.Build.0 = Release|Any CPU
		{881FD6D5-32AD-49C4-9890-8BC2513FCFEE}.Release|x64.ActiveCfg = Release|Any CPU
		{881FD6D5-32AD-49C4-9890-8BC2513FCFEE}.Release|x64.Build.0 = Release|Any CPU
		{881FD6D5-32AD-49C4-9890-8BC2513FCFEE}.Release|x86.ActiveCfg = Release|Any CPU
		{881FD6D5-32AD-49C4-9890-8BC2513FCFEE}.Release|x86.Build.0 = Release|Any CPU
	EndGlobalSection
	GlobalSection(SolutionProperties) = preSolution
		HideSolutionNode = FALSE
	EndGlobalSection
	GlobalSection(ExtensibilityGlobals) = postSolution
		SolutionGuid = {AB9AB24A-A9D9-40C4-B9A2-1D7334D6FC13}
	EndGlobalSection
EndGlobal
